
Microsoft Visual Studio Solution File, Format Version 12.00
# Visual Studio Version 17
VisualStudioVersion = 17.11.35219.272
MinimumVisualStudioVersion = 10.0.40219.1
Project("{9A19103F-16F7-4668-BE54-9A1E7A4F7556}") = "Telehealth.UI", "src\Telehealth.UI\Telehealth.UI.csproj", "{0FB22522-D030-4E51-8982-D2971E208F7D}"
EndProject
Project("{2150E333-8FDC-42A3-9474-1A3956D46DE8}") = "Solution Items", "Solution Items", "{58C9B021-54FF-4813-AFED-FFAE43E61D8D}"
	ProjectSection(SolutionItems) = preProject
		.editorconfig = .editorconfig
	EndProjectSection
EndProject
Project("{9A19103F-16F7-4668-BE54-9A1E7A4F7556}") = "Telehealth.UI.Tests", "tests\Telehealth.UI.Tests\Telehealth.UI.Tests.csproj", "{ADDD4277-0023-458F-8C69-7DD501B66FAD}"
EndProject
Global
	GlobalSection(SolutionConfigurationPlatforms) = preSolution
		Debug|Any CPU = Debug|Any CPU
		Release|Any CPU = Release|Any CPU
	EndGlobalSection
	GlobalSection(ProjectConfigurationPlatforms) = postSolution
		{0FB22522-D030-4E51-8982-D2971E208F7D}.Debug|Any CPU.ActiveCfg = Debug|Any CPU
		{0FB22522-D030-4E51-8982-D2971E208F7D}.Debug|Any CPU.Build.0 = Debug|Any CPU
		{0FB22522-D030-4E51-8982-D2971E208F7D}.Release|Any CPU.ActiveCfg = Release|Any CPU
		{0FB22522-D030-4E51-8982-D2971E208F7D}.Release|Any CPU.Build.0 = Release|Any CPU
		{ADDD4277-0023-458F-8C69-7DD501B66FAD}.Debug|Any CPU.ActiveCfg = Debug|Any CPU
		{ADDD4277-0023-458F-8C69-7DD501B66FAD}.Debug|Any CPU.Build.0 = Debug|Any CPU
		{ADDD4277-0023-458F-8C69-7DD501B66FAD}.Release|Any CPU.ActiveCfg = Release|Any CPU
		{ADDD4277-0023-458F-8C69-7DD501B66FAD}.Release|Any CPU.Build.0 = Release|Any CPU
	EndGlobalSection
	GlobalSection(SolutionProperties) = preSolution
		HideSolutionNode = FALSE
	EndGlobalSection
	GlobalSection(ExtensibilityGlobals) = postSolution
		SolutionGuid = {D29ADB12-B393-4E02-9203-347DCD0CA48F}
	EndGlobalSection
EndGlobal
